
Microsoft Visual Studio Solution File, Format Version 12.00
# Visual Studio Version 17
VisualStudioVersion = 17.9.34616.47
MinimumVisualStudioVersion = 10.0.40219.1
Project("{FAE04EC0-301F-11D3-BF4B-00C04F79EFBC}") = "TestAudioUsingAPI", "TestAudioUsingAPI\TestAudioUsingAPI.csproj", "{2A209389-8932-40CE-9244-5B540E435BCB}"
EndProject
Global
	GlobalSection(SolutionConfigurationPlatforms) = preSolution
		Debug|Any CPU = Debug|Any CPU
		Release|Any CPU = Release|Any CPU
	EndGlobalSection
	GlobalSection(ProjectConfigurationPlatforms) = postSolution
		{2A209389-8932-40CE-9244-5B540E435BCB}.Debug|Any CPU.ActiveCfg = Debug|Any CPU
		{2A209389-8932-40CE-9244-5B540E435BCB}.Debug|Any CPU.Build.0 = Debug|Any CPU
		{2A209389-8932-40CE-9244-5B540E435BCB}.Release|Any CPU.ActiveCfg = Release|Any CPU
		{2A209389-8932-40CE-9244-5B540E435BCB}.Release|Any CPU.Build.0 = Release|Any CPU
	EndGlobalSection
	GlobalSection(SolutionProperties) = preSolution
		HideSolutionNode = FALSE
	EndGlobalSection
	GlobalSection(ExtensibilityGlobals) = postSolution
		SolutionGuid = {B1121FC6-BA9B-4DB3-A262-DCA14823B710}
	EndGlobalSection
EndGlobal
