
Microsoft Visual Studio Solution File, Format Version 12.00
# Visual Studio Version 17
VisualStudioVersion = 17.1.32421.90
MinimumVisualStudioVersion = 10.0.40219.1
Project("{FAE04EC0-301F-11D3-BF4B-00C04F79EFBC}") = "Tic_Tac_Toe_Game", "Tic_Tac_Toe_Game.csproj", "{2BF73238-ACA7-49CB-8DBA-04EF0C9F2FA2}"
EndProject
Global
	GlobalSection(SolutionConfigurationPlatforms) = preSolution
		Debug|Any CPU = Debug|Any CPU
		Release|Any CPU = Release|Any CPU
	EndGlobalSection
	GlobalSection(ProjectConfigurationPlatforms) = postSolution
		{2BF73238-ACA7-49CB-8DBA-04EF0C9F2FA2}.Debug|Any CPU.ActiveCfg = Debug|Any CPU
		{2BF73238-ACA7-49CB-8DBA-04EF0C9F2FA2}.Debug|Any CPU.Build.0 = Debug|Any CPU
		{2BF73238-ACA7-49CB-8DBA-04EF0C9F2FA2}.Release|Any CPU.ActiveCfg = Release|Any CPU
		{2BF73238-ACA7-49CB-8DBA-04EF0C9F2FA2}.Release|Any CPU.Build.0 = Release|Any CPU
	EndGlobalSection
	GlobalSection(SolutionProperties) = preSolution
		HideSolutionNode = FALSE
	EndGlobalSection
	GlobalSection(ExtensibilityGlobals) = postSolution
		SolutionGuid = {DFDBA26F-57E8-452D-A04D-4D3A3D02A52E}
	EndGlobalSection
EndGlobal
